
Microsoft Visual Studio Solution File, Format Version 11.00
# Visual Studio 2010
Project("{FAE04EC0-301F-11D3-BF4B-00C04F79EFBC}") = "Bermuda.TestClient", "Bermuda.TestClient\Bermuda.TestClient.csproj", "{4E3A4639-4AB8-41DC-A1C4-B4812B5486A9}"
EndProject
Project("{FAE04EC0-301F-11D3-BF4B-00C04F79EFBC}") = "Bermuda.GuiClient", "Bermuda.GuiClient\Bermuda.GuiClient.csproj", "{469567CC-A65C-4AA1-A49E-724E78782291}"
EndProject
Project("{FAE04EC0-301F-11D3-BF4B-00C04F79EFBC}") = "ExpressionSerialization", "ExpressionSerialization\ExpressionSerialization.csproj", "{01ABE4DB-4ABE-4B0E-878B-B42A8C9B6560}"
EndProject
Project("{FAE04EC0-301F-11D3-BF4B-00C04F79EFBC}") = "Bermuda.Catalog", "Bermuda.Catalog\Bermuda.Catalog.csproj", "{E7BB0473-3FD3-488C-BFDE-A61066E6A813}"
EndProject
Project("{FAE04EC0-301F-11D3-BF4B-00C04F79EFBC}") = "Bermuda.Interface", "Bermuda.Interface\Bermuda.Interface.csproj", "{0EF25A32-6F4A-44F7-B461-D45132500617}"
EndProject
Project("{FAE04EC0-301F-11D3-BF4B-00C04F79EFBC}") = "Bermuda.Constants", "Bermuda.Constants\Bermuda.Constants.csproj", "{0E4761E9-1D7E-456B-8BFE-5DA44F6BB425}"
EndProject
Project("{FAE04EC0-301F-11D3-BF4B-00C04F79EFBC}") = "Bermuda.Core", "Bermuda.Core\Bermuda.Core.csproj", "{0CFF97DB-E9B6-44D7-8768-791F5F9DAE4A}"
EndProject
Project("{FAE04EC0-301F-11D3-BF4B-00C04F79EFBC}") = "Thrift", "thrift-0.8.0\lib\csharp\src\Thrift.csproj", "{499EB63C-D74C-47E8-AE48-A2FC94538E9D}"
EndProject
Project("{FAE04EC0-301F-11D3-BF4B-00C04F79EFBC}") = "Bermuda.ExpressionGeneration", "Bermuda.ExpressionGenerator\Bermuda.ExpressionGeneration.csproj", "{F52AD907-B8FC-4E20-9925-6324766B3B5B}"
EndProject
Project("{FAE04EC0-301F-11D3-BF4B-00C04F79EFBC}") = "Bermuda.Util", "Bermuda.Util\Bermuda.Util.csproj", "{890B52BA-801F-409E-9B17-633687238EF2}"
EndProject
Project("{FAE04EC0-301F-11D3-BF4B-00C04F79EFBC}") = "ComputeNodeMX", "ComputeNodeMX\ComputeNodeMX.csproj", "{2DF81D88-CBB5-416D-83CF-4FDB336CBE6F}"
EndProject
Project("{FAE04EC0-301F-11D3-BF4B-00C04F79EFBC}") = "Bermuda.DatabaseSaturator", "Bermuda.DatabaseSaturator\Bermuda.DatabaseSaturator.csproj", "{99D0FC4E-11B8-45B7-8F90-68E16984AEFA}"
EndProject
Project("{FAE04EC0-301F-11D3-BF4B-00C04F79EFBC}") = "Bermuda.DataPurge", "Bermuda.DataPurge\Bermuda.DataPurge.csproj", "{1EA89F3E-1B08-4BE8-8BE8-2967DD8155B0}"
EndProject
Project("{FAE04EC0-301F-11D3-BF4B-00C04F79EFBC}") = "Bermuda.FileSaturator", "Bermuda.FileSaturator\Bermuda.FileSaturator.csproj", "{F17C58EC-C960-43E3-A438-D91C5405A611}"
EndProject
Project("{FAE04EC0-301F-11D3-BF4B-00C04F79EFBC}") = "ComputeNodeWX", "ComputeNodeWX\ComputeNodeWX.csproj", "{F925EB15-E217-4601-B6DE-FFBBBFB11CD8}"
EndProject
Project("{FAE04EC0-301F-11D3-BF4B-00C04F79EFBC}") = "ComputeNodeWikiData", "ComputeNodeWikiData\ComputeNodeWikiData.csproj", "{8B934D10-1F54-4E3D-A8D2-A46BCCD7A6DC}"
EndProject
Project("{FAE04EC0-301F-11D3-BF4B-00C04F79EFBC}") = "Bermuda.S3Saturator", "Bermuda.S3Saturator\Bermuda.S3Saturator.csproj", "{FBB1AF55-7CDE-4D30-B329-2D0A30B0DC4D}"
EndProject
Global
	GlobalSection(TeamFoundationVersionControl) = preSolution
		SccNumberOfProjects = 18
		SccEnterpriseProvider = {4CA58AB2-18FA-4F8D-95D4-32DDF27D184C}
		SccTeamFoundationServer = http://184.106.184.183:8080/tfs/defaultcollection
		SccLocalPath0 = .
		SccProjectUniqueName1 = Bermuda.GuiClient\\Bermuda.GuiClient.csproj
		SccProjectName1 = Bermuda.GuiClient
		SccLocalPath1 = Bermuda.GuiClient
		SccProjectUniqueName2 = ExpressionSerialization\\ExpressionSerialization.csproj
		SccProjectName2 = ExpressionSerialization
		SccLocalPath2 = ExpressionSerialization
		SccProjectUniqueName3 = Bermuda.TestClient\\Bermuda.TestClient.csproj
		SccProjectName3 = Bermuda.TestClient
		SccLocalPath3 = Bermuda.TestClient
		SccProjectUniqueName4 = Bermuda.Catalog\\Bermuda.Catalog.csproj
		SccProjectName4 = Bermuda.Catalog
		SccLocalPath4 = Bermuda.Catalog
		SccProjectUniqueName5 = Bermuda.Interface\\Bermuda.Interface.csproj
		SccProjectName5 = Bermuda.Interface
		SccLocalPath5 = Bermuda.Interface
		SccProjectUniqueName6 = Bermuda.Constants\\Bermuda.Constants.csproj
		SccProjectName6 = Bermuda.Constants
		SccLocalPath6 = Bermuda.Constants
		SccProjectUniqueName7 = Bermuda.Core\\Bermuda.Core.csproj
		SccProjectName7 = Bermuda.Core
		SccLocalPath7 = Bermuda.Core
		SccProjectUniqueName8 = thrift-0.8.0\\lib\\csharp\\src\\Thrift.csproj
		SccProjectName8 = thrift-0.8.0/lib/csharp/src
		SccLocalPath8 = thrift-0.8.0\\lib\\csharp\\src
		SccProjectUniqueName9 = Bermuda.ExpressionGenerator\\Bermuda.ExpressionGeneration.csproj
		SccProjectName9 = Bermuda.ExpressionGenerator
		SccLocalPath9 = Bermuda.ExpressionGenerator
		SccProjectUniqueName10 = Bermuda.Util\\Bermuda.Util.csproj
		SccProjectName10 = Bermuda.Util
		SccLocalPath10 = Bermuda.Util
		SccProjectUniqueName11 = ComputeNodeMX\\ComputeNodeMX.csproj
		SccProjectName11 = ComputeNodeMX
		SccLocalPath11 = ComputeNodeMX
		SccProjectUniqueName12 = Bermuda.DatabaseSaturator\\Bermuda.DatabaseSaturator.csproj
		SccProjectName12 = Bermuda.DatabaseSaturator
		SccLocalPath12 = Bermuda.DatabaseSaturator
		SccProjectUniqueName13 = Bermuda.DataPurge\\Bermuda.DataPurge.csproj
		SccProjectName13 = Bermuda.DataPurge
		SccLocalPath13 = Bermuda.DataPurge
		SccProjectUniqueName14 = Bermuda.FileSaturator\\Bermuda.FileSaturator.csproj
		SccProjectName14 = Bermuda.FileSaturator
		SccLocalPath14 = Bermuda.FileSaturator
		SccProjectUniqueName15 = ComputeNodeWX\\ComputeNodeWX.csproj
		SccProjectName15 = ComputeNodeWX
		SccLocalPath15 = ComputeNodeWX
		SccProjectUniqueName16 = ComputeNodeWikiData\\ComputeNodeWikiData.csproj
		SccProjectName16 = ComputeNodeWikiData
		SccLocalPath16 = ComputeNodeWikiData
		SccProjectUniqueName17 = Bermuda.S3Saturator\\Bermuda.S3Saturator.csproj
		SccProjectName17 = Bermuda.S3Saturator
		SccLocalPath17 = Bermuda.S3Saturator
	EndGlobalSection
	GlobalSection(SolutionConfigurationPlatforms) = preSolution
		AzureDev|Any CPU = AzureDev|Any CPU
		AzureDev|Mixed Platforms = AzureDev|Mixed Platforms
		AzureDev|x86 = AzureDev|x86
		AzureProd|Any CPU = AzureProd|Any CPU
		AzureProd|Mixed Platforms = AzureProd|Mixed Platforms
		AzureProd|x86 = AzureProd|x86
		Debug|Any CPU = Debug|Any CPU
		Debug|Mixed Platforms = Debug|Mixed Platforms
		Debug|x86 = Debug|x86
		Release|Any CPU = Release|Any CPU
		Release|Mixed Platforms = Release|Mixed Platforms
		Release|x86 = Release|x86
	EndGlobalSection
	GlobalSection(ProjectConfigurationPlatforms) = postSolution
		{4E3A4639-4AB8-41DC-A1C4-B4812B5486A9}.AzureDev|Any CPU.ActiveCfg = Release|Any CPU
		{4E3A4639-4AB8-41DC-A1C4-B4812B5486A9}.AzureDev|Any CPU.Build.0 = Release|Any CPU
		{4E3A4639-4AB8-41DC-A1C4-B4812B5486A9}.AzureDev|Mixed Platforms.ActiveCfg = Release|Any CPU
		{4E3A4639-4AB8-41DC-A1C4-B4812B5486A9}.AzureDev|Mixed Platforms.Build.0 = Release|Any CPU
		{4E3A4639-4AB8-41DC-A1C4-B4812B5486A9}.AzureDev|x86.ActiveCfg = Release|Any CPU
		{4E3A4639-4AB8-41DC-A1C4-B4812B5486A9}.AzureProd|Any CPU.ActiveCfg = Release|Any CPU
		{4E3A4639-4AB8-41DC-A1C4-B4812B5486A9}.AzureProd|Any CPU.Build.0 = Release|Any CPU
		{4E3A4639-4AB8-41DC-A1C4-B4812B5486A9}.AzureProd|Mixed Platforms.ActiveCfg = Release|Any CPU
		{4E3A4639-4AB8-41DC-A1C4-B4812B5486A9}.AzureProd|Mixed Platforms.Build.0 = Release|Any CPU
		{4E3A4639-4AB8-41DC-A1C4-B4812B5486A9}.AzureProd|x86.ActiveCfg = Release|Any CPU
		{4E3A4639-4AB8-41DC-A1C4-B4812B5486A9}.Debug|Any CPU.ActiveCfg = Debug|Any CPU
		{4E3A4639-4AB8-41DC-A1C4-B4812B5486A9}.Debug|Any CPU.Build.0 = Debug|Any CPU
		{4E3A4639-4AB8-41DC-A1C4-B4812B5486A9}.Debug|Mixed Platforms.ActiveCfg = Debug|Any CPU
		{4E3A4639-4AB8-41DC-A1C4-B4812B5486A9}.Debug|Mixed Platforms.Build.0 = Debug|Any CPU
		{4E3A4639-4AB8-41DC-A1C4-B4812B5486A9}.Debug|x86.ActiveCfg = Debug|x86
		{4E3A4639-4AB8-41DC-A1C4-B4812B5486A9}.Debug|x86.Build.0 = Debug|x86
		{4E3A4639-4AB8-41DC-A1C4-B4812B5486A9}.Release|Any CPU.ActiveCfg = Release|Any CPU
		{4E3A4639-4AB8-41DC-A1C4-B4812B5486A9}.Release|Any CPU.Build.0 = Release|Any CPU
		{4E3A4639-4AB8-41DC-A1C4-B4812B5486A9}.Release|Mixed Platforms.ActiveCfg = Release|Any CPU
		{4E3A4639-4AB8-41DC-A1C4-B4812B5486A9}.Release|Mixed Platforms.Build.0 = Release|Any CPU
		{4E3A4639-4AB8-41DC-A1C4-B4812B5486A9}.Release|x86.ActiveCfg = Release|x86
		{4E3A4639-4AB8-41DC-A1C4-B4812B5486A9}.Release|x86.Build.0 = Release|x86
		{469567CC-A65C-4AA1-A49E-724E78782291}.AzureDev|Any CPU.ActiveCfg = Release|x86
		{469567CC-A65C-4AA1-A49E-724E78782291}.AzureDev|Mixed Platforms.ActiveCfg = Release|x86
		{469567CC-A65C-4AA1-A49E-724E78782291}.AzureDev|Mixed Platforms.Build.0 = Release|x86
		{469567CC-A65C-4AA1-A49E-724E78782291}.AzureDev|x86.ActiveCfg = Release|x86
		{469567CC-A65C-4AA1-A49E-724E78782291}.AzureDev|x86.Build.0 = Release|x86
		{469567CC-A65C-4AA1-A49E-724E78782291}.AzureProd|Any CPU.ActiveCfg = Release|x86
		{469567CC-A65C-4AA1-A49E-724E78782291}.AzureProd|Mixed Platforms.ActiveCfg = Release|x86
		{469567CC-A65C-4AA1-A49E-724E78782291}.AzureProd|Mixed Platforms.Build.0 = Release|x86
		{469567CC-A65C-4AA1-A49E-724E78782291}.AzureProd|x86.ActiveCfg = Release|x86
		{469567CC-A65C-4AA1-A49E-724E78782291}.AzureProd|x86.Build.0 = Release|x86
		{469567CC-A65C-4AA1-A49E-724E78782291}.Debug|Any CPU.ActiveCfg = Debug|x86
		{469567CC-A65C-4AA1-A49E-724E78782291}.Debug|Mixed Platforms.ActiveCfg = Debug|x86
		{469567CC-A65C-4AA1-A49E-724E78782291}.Debug|Mixed Platforms.Build.0 = Debug|x86
		{469567CC-A65C-4AA1-A49E-724E78782291}.Debug|x86.ActiveCfg = Debug|x86
		{469567CC-A65C-4AA1-A49E-724E78782291}.Debug|x86.Build.0 = Debug|x86
		{469567CC-A65C-4AA1-A49E-724E78782291}.Release|Any CPU.ActiveCfg = Release|x86
		{469567CC-A65C-4AA1-A49E-724E78782291}.Release|Mixed Platforms.ActiveCfg = Release|x86
		{469567CC-A65C-4AA1-A49E-724E78782291}.Release|Mixed Platforms.Build.0 = Release|x86
		{469567CC-A65C-4AA1-A49E-724E78782291}.Release|x86.ActiveCfg = Release|x86
		{469567CC-A65C-4AA1-A49E-724E78782291}.Release|x86.Build.0 = Release|x86
		{01ABE4DB-4ABE-4B0E-878B-B42A8C9B6560}.AzureDev|Any CPU.ActiveCfg = Release|Any CPU
		{01ABE4DB-4ABE-4B0E-878B-B42A8C9B6560}.AzureDev|Any CPU.Build.0 = Release|Any CPU
		{01ABE4DB-4ABE-4B0E-878B-B42A8C9B6560}.AzureDev|Mixed Platforms.ActiveCfg = Release|Any CPU
		{01ABE4DB-4ABE-4B0E-878B-B42A8C9B6560}.AzureDev|Mixed Platforms.Build.0 = Release|Any CPU
		{01ABE4DB-4ABE-4B0E-878B-B42A8C9B6560}.AzureDev|x86.ActiveCfg = Release|Any CPU
		{01ABE4DB-4ABE-4B0E-878B-B42A8C9B6560}.AzureProd|Any CPU.ActiveCfg = Release|Any CPU
		{01ABE4DB-4ABE-4B0E-878B-B42A8C9B6560}.AzureProd|Any CPU.Build.0 = Release|Any CPU
		{01ABE4DB-4ABE-4B0E-878B-B42A8C9B6560}.AzureProd|Mixed Platforms.ActiveCfg = Release|Any CPU
		{01ABE4DB-4ABE-4B0E-878B-B42A8C9B6560}.AzureProd|Mixed Platforms.Build.0 = Release|Any CPU
		{01ABE4DB-4ABE-4B0E-878B-B42A8C9B6560}.AzureProd|x86.ActiveCfg = Release|Any CPU
		{01ABE4DB-4ABE-4B0E-878B-B42A8C9B6560}.Debug|Any CPU.ActiveCfg = Debug|Any CPU
		{01ABE4DB-4ABE-4B0E-878B-B42A8C9B6560}.Debug|Any CPU.Build.0 = Debug|Any CPU
		{01ABE4DB-4ABE-4B0E-878B-B42A8C9B6560}.Debug|Mixed Platforms.ActiveCfg = Debug|Any CPU
		{01ABE4DB-4ABE-4B0E-878B-B42A8C9B6560}.Debug|Mixed Platforms.Build.0 = Debug|Any CPU
		{01ABE4DB-4ABE-4B0E-878B-B42A8C9B6560}.Debug|x86.ActiveCfg = Debug|Any CPU
		{01ABE4DB-4ABE-4B0E-878B-B42A8C9B6560}.Release|Any CPU.ActiveCfg = Release|Any CPU
		{01ABE4DB-4ABE-4B0E-878B-B42A8C9B6560}.Release|Any CPU.Build.0 = Release|Any CPU
		{01ABE4DB-4ABE-4B0E-878B-B42A8C9B6560}.Release|Mixed Platforms.ActiveCfg = Release|Any CPU
		{01ABE4DB-4ABE-4B0E-878B-B42A8C9B6560}.Release|Mixed Platforms.Build.0 = Release|Any CPU
		{01ABE4DB-4ABE-4B0E-878B-B42A8C9B6560}.Release|x86.ActiveCfg = Release|Any CPU
		{E7BB0473-3FD3-488C-BFDE-A61066E6A813}.AzureDev|Any CPU.ActiveCfg = Release|Any CPU
		{E7BB0473-3FD3-488C-BFDE-A61066E6A813}.AzureDev|Any CPU.Build.0 = Release|Any CPU
		{E7BB0473-3FD3-488C-BFDE-A61066E6A813}.AzureDev|Mixed Platforms.ActiveCfg = Release|Any CPU
		{E7BB0473-3FD3-488C-BFDE-A61066E6A813}.AzureDev|Mixed Platforms.Build.0 = Release|Any CPU
		{E7BB0473-3FD3-488C-BFDE-A61066E6A813}.AzureDev|x86.ActiveCfg = Release|Any CPU
		{E7BB0473-3FD3-488C-BFDE-A61066E6A813}.AzureProd|Any CPU.ActiveCfg = Release|Any CPU
		{E7BB0473-3FD3-488C-BFDE-A61066E6A813}.AzureProd|Any CPU.Build.0 = Release|Any CPU
		{E7BB0473-3FD3-488C-BFDE-A61066E6A813}.AzureProd|Mixed Platforms.ActiveCfg = Release|Any CPU
		{E7BB0473-3FD3-488C-BFDE-A61066E6A813}.AzureProd|Mixed Platforms.Build.0 = Release|Any CPU
		{E7BB0473-3FD3-488C-BFDE-A61066E6A813}.AzureProd|x86.ActiveCfg = Release|Any CPU
		{E7BB0473-3FD3-488C-BFDE-A61066E6A813}.Debug|Any CPU.ActiveCfg = Debug|Any CPU
		{E7BB0473-3FD3-488C-BFDE-A61066E6A813}.Debug|Any CPU.Build.0 = Debug|Any CPU
		{E7BB0473-3FD3-488C-BFDE-A61066E6A813}.Debug|Mixed Platforms.ActiveCfg = Debug|Any CPU
		{E7BB0473-3FD3-488C-BFDE-A61066E6A813}.Debug|Mixed Platforms.Build.0 = Debug|Any CPU
		{E7BB0473-3FD3-488C-BFDE-A61066E6A813}.Debug|x86.ActiveCfg = Debug|Any CPU
		{E7BB0473-3FD3-488C-BFDE-A61066E6A813}.Release|Any CPU.ActiveCfg = Release|Any CPU
		{E7BB0473-3FD3-488C-BFDE-A61066E6A813}.Release|Any CPU.Build.0 = Release|Any CPU
		{E7BB0473-3FD3-488C-BFDE-A61066E6A813}.Release|Mixed Platforms.ActiveCfg = Release|Any CPU
		{E7BB0473-3FD3-488C-BFDE-A61066E6A813}.Release|Mixed Platforms.Build.0 = Release|Any CPU
		{E7BB0473-3FD3-488C-BFDE-A61066E6A813}.Release|x86.ActiveCfg = Release|Any CPU
		{0EF25A32-6F4A-44F7-B461-D45132500617}.AzureDev|Any CPU.ActiveCfg = Release|Any CPU
		{0EF25A32-6F4A-44F7-B461-D45132500617}.AzureDev|Any CPU.Build.0 = Release|Any CPU
		{0EF25A32-6F4A-44F7-B461-D45132500617}.AzureDev|Mixed Platforms.ActiveCfg = Release|Any CPU
		{0EF25A32-6F4A-44F7-B461-D45132500617}.AzureDev|Mixed Platforms.Build.0 = Release|Any CPU
		{0EF25A32-6F4A-44F7-B461-D45132500617}.AzureDev|x86.ActiveCfg = Release|Any CPU
		{0EF25A32-6F4A-44F7-B461-D45132500617}.AzureProd|Any CPU.ActiveCfg = Release|Any CPU
		{0EF25A32-6F4A-44F7-B461-D45132500617}.AzureProd|Any CPU.Build.0 = Release|Any CPU
		{0EF25A32-6F4A-44F7-B461-D45132500617}.AzureProd|Mixed Platforms.ActiveCfg = Release|Any CPU
		{0EF25A32-6F4A-44F7-B461-D45132500617}.AzureProd|Mixed Platforms.Build.0 = Release|Any CPU
		{0EF25A32-6F4A-44F7-B461-D45132500617}.AzureProd|x86.ActiveCfg = Release|Any CPU
		{0EF25A32-6F4A-44F7-B461-D45132500617}.Debug|Any CPU.ActiveCfg = Debug|Any CPU
		{0EF25A32-6F4A-44F7-B461-D45132500617}.Debug|Any CPU.Build.0 = Debug|Any CPU
		{0EF25A32-6F4A-44F7-B461-D45132500617}.Debug|Mixed Platforms.ActiveCfg = Debug|Any CPU
		{0EF25A32-6F4A-44F7-B461-D45132500617}.Debug|Mixed Platforms.Build.0 = Debug|Any CPU
		{0EF25A32-6F4A-44F7-B461-D45132500617}.Debug|x86.ActiveCfg = Debug|Any CPU
		{0EF25A32-6F4A-44F7-B461-D45132500617}.Release|Any CPU.ActiveCfg = Release|Any CPU
		{0EF25A32-6F4A-44F7-B461-D45132500617}.Release|Any CPU.Build.0 = Release|Any CPU
		{0EF25A32-6F4A-44F7-B461-D45132500617}.Release|Mixed Platforms.ActiveCfg = Release|Any CPU
		{0EF25A32-6F4A-44F7-B461-D45132500617}.Release|Mixed Platforms.Build.0 = Release|Any CPU
		{0EF25A32-6F4A-44F7-B461-D45132500617}.Release|x86.ActiveCfg = Release|Any CPU
		{0E4761E9-1D7E-456B-8BFE-5DA44F6BB425}.AzureDev|Any CPU.ActiveCfg = Release|Any CPU
		{0E4761E9-1D7E-456B-8BFE-5DA44F6BB425}.AzureDev|Any CPU.Build.0 = Release|Any CPU
		{0E4761E9-1D7E-456B-8BFE-5DA44F6BB425}.AzureDev|Mixed Platforms.ActiveCfg = Release|Any CPU
		{0E4761E9-1D7E-456B-8BFE-5DA44F6BB425}.AzureDev|Mixed Platforms.Build.0 = Release|Any CPU
		{0E4761E9-1D7E-456B-8BFE-5DA44F6BB425}.AzureDev|x86.ActiveCfg = Release|Any CPU
		{0E4761E9-1D7E-456B-8BFE-5DA44F6BB425}.AzureProd|Any CPU.ActiveCfg = Release|Any CPU
		{0E4761E9-1D7E-456B-8BFE-5DA44F6BB425}.AzureProd|Any CPU.Build.0 = Release|Any CPU
		{0E4761E9-1D7E-456B-8BFE-5DA44F6BB425}.AzureProd|Mixed Platforms.ActiveCfg = Release|Any CPU
		{0E4761E9-1D7E-456B-8BFE-5DA44F6BB425}.AzureProd|Mixed Platforms.Build.0 = Release|Any CPU
		{0E4761E9-1D7E-456B-8BFE-5DA44F6BB425}.AzureProd|x86.ActiveCfg = Release|Any CPU
		{0E4761E9-1D7E-456B-8BFE-5DA44F6BB425}.Debug|Any CPU.ActiveCfg = Debug|Any CPU
		{0E4761E9-1D7E-456B-8BFE-5DA44F6BB425}.Debug|Any CPU.Build.0 = Debug|Any CPU
		{0E4761E9-1D7E-456B-8BFE-5DA44F6BB425}.Debug|Mixed Platforms.ActiveCfg = Debug|Any CPU
		{0E4761E9-1D7E-456B-8BFE-5DA44F6BB425}.Debug|Mixed Platforms.Build.0 = Debug|Any CPU
		{0E4761E9-1D7E-456B-8BFE-5DA44F6BB425}.Debug|x86.ActiveCfg = Debug|Any CPU
		{0E4761E9-1D7E-456B-8BFE-5DA44F6BB425}.Release|Any CPU.ActiveCfg = Release|Any CPU
		{0E4761E9-1D7E-456B-8BFE-5DA44F6BB425}.Release|Any CPU.Build.0 = Release|Any CPU
		{0E4761E9-1D7E-456B-8BFE-5DA44F6BB425}.Release|Mixed Platforms.ActiveCfg = Release|Any CPU
		{0E4761E9-1D7E-456B-8BFE-5DA44F6BB425}.Release|Mixed Platforms.Build.0 = Release|Any CPU
		{0E4761E9-1D7E-456B-8BFE-5DA44F6BB425}.Release|x86.ActiveCfg = Release|Any CPU
		{0CFF97DB-E9B6-44D7-8768-791F5F9DAE4A}.AzureDev|Any CPU.ActiveCfg = Release|Any CPU
		{0CFF97DB-E9B6-44D7-8768-791F5F9DAE4A}.AzureDev|Any CPU.Build.0 = Release|Any CPU
		{0CFF97DB-E9B6-44D7-8768-791F5F9DAE4A}.AzureDev|Mixed Platforms.ActiveCfg = Release|Any CPU
		{0CFF97DB-E9B6-44D7-8768-791F5F9DAE4A}.AzureDev|Mixed Platforms.Build.0 = Release|Any CPU
		{0CFF97DB-E9B6-44D7-8768-791F5F9DAE4A}.AzureDev|x86.ActiveCfg = Release|Any CPU
		{0CFF97DB-E9B6-44D7-8768-791F5F9DAE4A}.AzureProd|Any CPU.ActiveCfg = Release|Any CPU
		{0CFF97DB-E9B6-44D7-8768-791F5F9DAE4A}.AzureProd|Any CPU.Build.0 = Release|Any CPU
		{0CFF97DB-E9B6-44D7-8768-791F5F9DAE4A}.AzureProd|Mixed Platforms.ActiveCfg = Release|Any CPU
		{0CFF97DB-E9B6-44D7-8768-791F5F9DAE4A}.AzureProd|Mixed Platforms.Build.0 = Release|Any CPU
		{0CFF97DB-E9B6-44D7-8768-791F5F9DAE4A}.AzureProd|x86.ActiveCfg = Release|Any CPU
		{0CFF97DB-E9B6-44D7-8768-791F5F9DAE4A}.Debug|Any CPU.ActiveCfg = Debug|Any CPU
		{0CFF97DB-E9B6-44D7-8768-791F5F9DAE4A}.Debug|Any CPU.Build.0 = Debug|Any CPU
		{0CFF97DB-E9B6-44D7-8768-791F5F9DAE4A}.Debug|Mixed Platforms.ActiveCfg = Debug|Any CPU
		{0CFF97DB-E9B6-44D7-8768-791F5F9DAE4A}.Debug|Mixed Platforms.Build.0 = Debug|Any CPU
		{0CFF97DB-E9B6-44D7-8768-791F5F9DAE4A}.Debug|x86.ActiveCfg = Debug|Any CPU
		{0CFF97DB-E9B6-44D7-8768-791F5F9DAE4A}.Release|Any CPU.ActiveCfg = Release|Any CPU
		{0CFF97DB-E9B6-44D7-8768-791F5F9DAE4A}.Release|Any CPU.Build.0 = Release|Any CPU
		{0CFF97DB-E9B6-44D7-8768-791F5F9DAE4A}.Release|Mixed Platforms.ActiveCfg = Release|Any CPU
		{0CFF97DB-E9B6-44D7-8768-791F5F9DAE4A}.Release|Mixed Platforms.Build.0 = Release|Any CPU
		{0CFF97DB-E9B6-44D7-8768-791F5F9DAE4A}.Release|x86.ActiveCfg = Release|Any CPU
		{499EB63C-D74C-47E8-AE48-A2FC94538E9D}.AzureDev|Any CPU.ActiveCfg = Release|Any CPU
		{499EB63C-D74C-47E8-AE48-A2FC94538E9D}.AzureDev|Any CPU.Build.0 = Release|Any CPU
		{499EB63C-D74C-47E8-AE48-A2FC94538E9D}.AzureDev|Mixed Platforms.ActiveCfg = Release|Any CPU
		{499EB63C-D74C-47E8-AE48-A2FC94538E9D}.AzureDev|Mixed Platforms.Build.0 = Release|Any CPU
		{499EB63C-D74C-47E8-AE48-A2FC94538E9D}.AzureDev|x86.ActiveCfg = Release|Any CPU
		{499EB63C-D74C-47E8-AE48-A2FC94538E9D}.AzureProd|Any CPU.ActiveCfg = Release|Any CPU
		{499EB63C-D74C-47E8-AE48-A2FC94538E9D}.AzureProd|Any CPU.Build.0 = Release|Any CPU
		{499EB63C-D74C-47E8-AE48-A2FC94538E9D}.AzureProd|Mixed Platforms.ActiveCfg = Release|Any CPU
		{499EB63C-D74C-47E8-AE48-A2FC94538E9D}.AzureProd|Mixed Platforms.Build.0 = Release|Any CPU
		{499EB63C-D74C-47E8-AE48-A2FC94538E9D}.AzureProd|x86.ActiveCfg = Release|Any CPU
		{499EB63C-D74C-47E8-AE48-A2FC94538E9D}.Debug|Any CPU.ActiveCfg = Debug|Any CPU
		{499EB63C-D74C-47E8-AE48-A2FC94538E9D}.Debug|Any CPU.Build.0 = Debug|Any CPU
		{499EB63C-D74C-47E8-AE48-A2FC94538E9D}.Debug|Mixed Platforms.ActiveCfg = Debug|Any CPU
		{499EB63C-D74C-47E8-AE48-A2FC94538E9D}.Debug|Mixed Platforms.Build.0 = Debug|Any CPU
		{499EB63C-D74C-47E8-AE48-A2FC94538E9D}.Debug|x86.ActiveCfg = Debug|Any CPU
		{499EB63C-D74C-47E8-AE48-A2FC94538E9D}.Release|Any CPU.ActiveCfg = Release|Any CPU
		{499EB63C-D74C-47E8-AE48-A2FC94538E9D}.Release|Any CPU.Build.0 = Release|Any CPU
		{499EB63C-D74C-47E8-AE48-A2FC94538E9D}.Release|Mixed Platforms.ActiveCfg = Release|Any CPU
		{499EB63C-D74C-47E8-AE48-A2FC94538E9D}.Release|Mixed Platforms.Build.0 = Release|Any CPU
		{499EB63C-D74C-47E8-AE48-A2FC94538E9D}.Release|x86.ActiveCfg = Release|Any CPU
		{F52AD907-B8FC-4E20-9925-6324766B3B5B}.AzureDev|Any CPU.ActiveCfg = Release|Any CPU
		{F52AD907-B8FC-4E20-9925-6324766B3B5B}.AzureDev|Any CPU.Build.0 = Release|Any CPU
		{F52AD907-B8FC-4E20-9925-6324766B3B5B}.AzureDev|Mixed Platforms.ActiveCfg = Release|Any CPU
		{F52AD907-B8FC-4E20-9925-6324766B3B5B}.AzureDev|Mixed Platforms.Build.0 = Release|Any CPU
		{F52AD907-B8FC-4E20-9925-6324766B3B5B}.AzureDev|x86.ActiveCfg = Release|Any CPU
		{F52AD907-B8FC-4E20-9925-6324766B3B5B}.AzureProd|Any CPU.ActiveCfg = Release|Any CPU
		{F52AD907-B8FC-4E20-9925-6324766B3B5B}.AzureProd|Any CPU.Build.0 = Release|Any CPU
		{F52AD907-B8FC-4E20-9925-6324766B3B5B}.AzureProd|Mixed Platforms.ActiveCfg = Release|Any CPU
		{F52AD907-B8FC-4E20-9925-6324766B3B5B}.AzureProd|Mixed Platforms.Build.0 = Release|Any CPU
		{F52AD907-B8FC-4E20-9925-6324766B3B5B}.AzureProd|x86.ActiveCfg = Release|Any CPU
		{F52AD907-B8FC-4E20-9925-6324766B3B5B}.Debug|Any CPU.ActiveCfg = Debug|Any CPU
		{F52AD907-B8FC-4E20-9925-6324766B3B5B}.Debug|Any CPU.Build.0 = Debug|Any CPU
		{F52AD907-B8FC-4E20-9925-6324766B3B5B}.Debug|Mixed Platforms.ActiveCfg = Debug|Any CPU
		{F52AD907-B8FC-4E20-9925-6324766B3B5B}.Debug|Mixed Platforms.Build.0 = Debug|Any CPU
		{F52AD907-B8FC-4E20-9925-6324766B3B5B}.Debug|x86.ActiveCfg = Debug|Any CPU
		{F52AD907-B8FC-4E20-9925-6324766B3B5B}.Release|Any CPU.ActiveCfg = Release|Any CPU
		{F52AD907-B8FC-4E20-9925-6324766B3B5B}.Release|Any CPU.Build.0 = Release|Any CPU
		{F52AD907-B8FC-4E20-9925-6324766B3B5B}.Release|Mixed Platforms.ActiveCfg = Release|Any CPU
		{F52AD907-B8FC-4E20-9925-6324766B3B5B}.Release|Mixed Platforms.Build.0 = Release|Any CPU
		{F52AD907-B8FC-4E20-9925-6324766B3B5B}.Release|x86.ActiveCfg = Release|Any CPU
		{890B52BA-801F-409E-9B17-633687238EF2}.AzureDev|Any CPU.ActiveCfg = Release|Any CPU
		{890B52BA-801F-409E-9B17-633687238EF2}.AzureDev|Any CPU.Build.0 = Release|Any CPU
		{890B52BA-801F-409E-9B17-633687238EF2}.AzureDev|Mixed Platforms.ActiveCfg = Release|Any CPU
		{890B52BA-801F-409E-9B17-633687238EF2}.AzureDev|Mixed Platforms.Build.0 = Release|Any CPU
		{890B52BA-801F-409E-9B17-633687238EF2}.AzureDev|x86.ActiveCfg = Release|Any CPU
		{890B52BA-801F-409E-9B17-633687238EF2}.AzureProd|Any CPU.ActiveCfg = Release|Any CPU
		{890B52BA-801F-409E-9B17-633687238EF2}.AzureProd|Any CPU.Build.0 = Release|Any CPU
		{890B52BA-801F-409E-9B17-633687238EF2}.AzureProd|Mixed Platforms.ActiveCfg = Release|Any CPU
		{890B52BA-801F-409E-9B17-633687238EF2}.AzureProd|Mixed Platforms.Build.0 = Release|Any CPU
		{890B52BA-801F-409E-9B17-633687238EF2}.AzureProd|x86.ActiveCfg = Release|Any CPU
		{890B52BA-801F-409E-9B17-633687238EF2}.Debug|Any CPU.ActiveCfg = Debug|Any CPU
		{890B52BA-801F-409E-9B17-633687238EF2}.Debug|Any CPU.Build.0 = Debug|Any CPU
		{890B52BA-801F-409E-9B17-633687238EF2}.Debug|Mixed Platforms.ActiveCfg = Debug|Any CPU
		{890B52BA-801F-409E-9B17-633687238EF2}.Debug|Mixed Platforms.Build.0 = Debug|Any CPU
		{890B52BA-801F-409E-9B17-633687238EF2}.Debug|x86.ActiveCfg = Debug|Any CPU
		{890B52BA-801F-409E-9B17-633687238EF2}.Release|Any CPU.ActiveCfg = Release|Any CPU
		{890B52BA-801F-409E-9B17-633687238EF2}.Release|Any CPU.Build.0 = Release|Any CPU
		{890B52BA-801F-409E-9B17-633687238EF2}.Release|Mixed Platforms.ActiveCfg = Release|Any CPU
		{890B52BA-801F-409E-9B17-633687238EF2}.Release|Mixed Platforms.Build.0 = Release|Any CPU
		{890B52BA-801F-409E-9B17-633687238EF2}.Release|x86.ActiveCfg = Release|Any CPU
		{2DF81D88-CBB5-416D-83CF-4FDB336CBE6F}.AzureDev|Any CPU.ActiveCfg = Release|Any CPU
		{2DF81D88-CBB5-416D-83CF-4FDB336CBE6F}.AzureDev|Any CPU.Build.0 = Release|Any CPU
		{2DF81D88-CBB5-416D-83CF-4FDB336CBE6F}.AzureDev|Mixed Platforms.ActiveCfg = Release|Any CPU
		{2DF81D88-CBB5-416D-83CF-4FDB336CBE6F}.AzureDev|Mixed Platforms.Build.0 = Release|Any CPU
		{2DF81D88-CBB5-416D-83CF-4FDB336CBE6F}.AzureDev|x86.ActiveCfg = Release|Any CPU
		{2DF81D88-CBB5-416D-83CF-4FDB336CBE6F}.AzureProd|Any CPU.ActiveCfg = Release|Any CPU
		{2DF81D88-CBB5-416D-83CF-4FDB336CBE6F}.AzureProd|Any CPU.Build.0 = Release|Any CPU
		{2DF81D88-CBB5-416D-83CF-4FDB336CBE6F}.AzureProd|Mixed Platforms.ActiveCfg = Release|Any CPU
		{2DF81D88-CBB5-416D-83CF-4FDB336CBE6F}.AzureProd|Mixed Platforms.Build.0 = Release|Any CPU
		{2DF81D88-CBB5-416D-83CF-4FDB336CBE6F}.AzureProd|x86.ActiveCfg = Release|Any CPU
		{2DF81D88-CBB5-416D-83CF-4FDB336CBE6F}.Debug|Any CPU.ActiveCfg = Debug|Any CPU
		{2DF81D88-CBB5-416D-83CF-4FDB336CBE6F}.Debug|Any CPU.Build.0 = Debug|Any CPU
		{2DF81D88-CBB5-416D-83CF-4FDB336CBE6F}.Debug|Mixed Platforms.ActiveCfg = Debug|Any CPU
		{2DF81D88-CBB5-416D-83CF-4FDB336CBE6F}.Debug|Mixed Platforms.Build.0 = Debug|Any CPU
		{2DF81D88-CBB5-416D-83CF-4FDB336CBE6F}.Debug|x86.ActiveCfg = Debug|Any CPU
		{2DF81D88-CBB5-416D-83CF-4FDB336CBE6F}.Release|Any CPU.ActiveCfg = Release|Any CPU
		{2DF81D88-CBB5-416D-83CF-4FDB336CBE6F}.Release|Any CPU.Build.0 = Release|Any CPU
		{2DF81D88-CBB5-416D-83CF-4FDB336CBE6F}.Release|Mixed Platforms.ActiveCfg = Release|Any CPU
		{2DF81D88-CBB5-416D-83CF-4FDB336CBE6F}.Release|Mixed Platforms.Build.0 = Release|Any CPU
		{2DF81D88-CBB5-416D-83CF-4FDB336CBE6F}.Release|x86.ActiveCfg = Release|Any CPU
		{99D0FC4E-11B8-45B7-8F90-68E16984AEFA}.AzureDev|Any CPU.ActiveCfg = Release|Any CPU
		{99D0FC4E-11B8-45B7-8F90-68E16984AEFA}.AzureDev|Any CPU.Build.0 = Release|Any CPU
		{99D0FC4E-11B8-45B7-8F90-68E16984AEFA}.AzureDev|Mixed Platforms.ActiveCfg = Release|Any CPU
		{99D0FC4E-11B8-45B7-8F90-68E16984AEFA}.AzureDev|Mixed Platforms.Build.0 = Release|Any CPU
		{99D0FC4E-11B8-45B7-8F90-68E16984AEFA}.AzureDev|x86.ActiveCfg = Release|Any CPU
		{99D0FC4E-11B8-45B7-8F90-68E16984AEFA}.AzureProd|Any CPU.ActiveCfg = Release|Any CPU
		{99D0FC4E-11B8-45B7-8F90-68E16984AEFA}.AzureProd|Any CPU.Build.0 = Release|Any CPU
		{99D0FC4E-11B8-45B7-8F90-68E16984AEFA}.AzureProd|Mixed Platforms.ActiveCfg = Release|Any CPU
		{99D0FC4E-11B8-45B7-8F90-68E16984AEFA}.AzureProd|Mixed Platforms.Build.0 = Release|Any CPU
		{99D0FC4E-11B8-45B7-8F90-68E16984AEFA}.AzureProd|x86.ActiveCfg = Release|Any CPU
		{99D0FC4E-11B8-45B7-8F90-68E16984AEFA}.Debug|Any CPU.ActiveCfg = Debug|Any CPU
		{99D0FC4E-11B8-45B7-8F90-68E16984AEFA}.Debug|Any CPU.Build.0 = Debug|Any CPU
		{99D0FC4E-11B8-45B7-8F90-68E16984AEFA}.Debug|Mixed Platforms.ActiveCfg = Debug|Any CPU
		{99D0FC4E-11B8-45B7-8F90-68E16984AEFA}.Debug|Mixed Platforms.Build.0 = Debug|Any CPU
		{99D0FC4E-11B8-45B7-8F90-68E16984AEFA}.Debug|x86.ActiveCfg = Debug|Any CPU
		{99D0FC4E-11B8-45B7-8F90-68E16984AEFA}.Release|Any CPU.ActiveCfg = Release|Any CPU
		{99D0FC4E-11B8-45B7-8F90-68E16984AEFA}.Release|Any CPU.Build.0 = Release|Any CPU
		{99D0FC4E-11B8-45B7-8F90-68E16984AEFA}.Release|Mixed Platforms.ActiveCfg = Release|Any CPU
		{99D0FC4E-11B8-45B7-8F90-68E16984AEFA}.Release|Mixed Platforms.Build.0 = Release|Any CPU
		{99D0FC4E-11B8-45B7-8F90-68E16984AEFA}.Release|x86.ActiveCfg = Release|Any CPU
		{1EA89F3E-1B08-4BE8-8BE8-2967DD8155B0}.AzureDev|Any CPU.ActiveCfg = Release|Any CPU
		{1EA89F3E-1B08-4BE8-8BE8-2967DD8155B0}.AzureDev|Any CPU.Build.0 = Release|Any CPU
		{1EA89F3E-1B08-4BE8-8BE8-2967DD8155B0}.AzureDev|Mixed Platforms.ActiveCfg = Release|Any CPU
		{1EA89F3E-1B08-4BE8-8BE8-2967DD8155B0}.AzureDev|Mixed Platforms.Build.0 = Release|Any CPU
		{1EA89F3E-1B08-4BE8-8BE8-2967DD8155B0}.AzureDev|x86.ActiveCfg = Release|Any CPU
		{1EA89F3E-1B08-4BE8-8BE8-2967DD8155B0}.AzureProd|Any CPU.ActiveCfg = Release|Any CPU
		{1EA89F3E-1B08-4BE8-8BE8-2967DD8155B0}.AzureProd|Any CPU.Build.0 = Release|Any CPU
		{1EA89F3E-1B08-4BE8-8BE8-2967DD8155B0}.AzureProd|Mixed Platforms.ActiveCfg = Release|Any CPU
		{1EA89F3E-1B08-4BE8-8BE8-2967DD8155B0}.AzureProd|Mixed Platforms.Build.0 = Release|Any CPU
		{1EA89F3E-1B08-4BE8-8BE8-2967DD8155B0}.AzureProd|x86.ActiveCfg = Release|Any CPU
		{1EA89F3E-1B08-4BE8-8BE8-2967DD8155B0}.Debug|Any CPU.ActiveCfg = Debug|Any CPU
		{1EA89F3E-1B08-4BE8-8BE8-2967DD8155B0}.Debug|Any CPU.Build.0 = Debug|Any CPU
		{1EA89F3E-1B08-4BE8-8BE8-2967DD8155B0}.Debug|Mixed Platforms.ActiveCfg = Debug|Any CPU
		{1EA89F3E-1B08-4BE8-8BE8-2967DD8155B0}.Debug|Mixed Platforms.Build.0 = Debug|Any CPU
		{1EA89F3E-1B08-4BE8-8BE8-2967DD8155B0}.Debug|x86.ActiveCfg = Debug|Any CPU
		{1EA89F3E-1B08-4BE8-8BE8-2967DD8155B0}.Release|Any CPU.ActiveCfg = Release|Any CPU
		{1EA89F3E-1B08-4BE8-8BE8-2967DD8155B0}.Release|Any CPU.Build.0 = Release|Any CPU
		{1EA89F3E-1B08-4BE8-8BE8-2967DD8155B0}.Release|Mixed Platforms.ActiveCfg = Release|Any CPU
		{1EA89F3E-1B08-4BE8-8BE8-2967DD8155B0}.Release|Mixed Platforms.Build.0 = Release|Any CPU
		{1EA89F3E-1B08-4BE8-8BE8-2967DD8155B0}.Release|x86.ActiveCfg = Release|Any CPU
		{F17C58EC-C960-43E3-A438-D91C5405A611}.AzureDev|Any CPU.ActiveCfg = Release|Any CPU
		{F17C58EC-C960-43E3-A438-D91C5405A611}.AzureDev|Any CPU.Build.0 = Release|Any CPU
		{F17C58EC-C960-43E3-A438-D91C5405A611}.AzureDev|Mixed Platforms.ActiveCfg = Release|Any CPU
		{F17C58EC-C960-43E3-A438-D91C5405A611}.AzureDev|Mixed Platforms.Build.0 = Release|Any CPU
		{F17C58EC-C960-43E3-A438-D91C5405A611}.AzureDev|x86.ActiveCfg = Release|Any CPU
		{F17C58EC-C960-43E3-A438-D91C5405A611}.AzureProd|Any CPU.ActiveCfg = Release|Any CPU
		{F17C58EC-C960-43E3-A438-D91C5405A611}.AzureProd|Any CPU.Build.0 = Release|Any CPU
		{F17C58EC-C960-43E3-A438-D91C5405A611}.AzureProd|Mixed Platforms.ActiveCfg = Release|Any CPU
		{F17C58EC-C960-43E3-A438-D91C5405A611}.AzureProd|Mixed Platforms.Build.0 = Release|Any CPU
		{F17C58EC-C960-43E3-A438-D91C5405A611}.AzureProd|x86.ActiveCfg = Release|Any CPU
		{F17C58EC-C960-43E3-A438-D91C5405A611}.Debug|Any CPU.ActiveCfg = Debug|Any CPU
		{F17C58EC-C960-43E3-A438-D91C5405A611}.Debug|Any CPU.Build.0 = Debug|Any CPU
		{F17C58EC-C960-43E3-A438-D91C5405A611}.Debug|Mixed Platforms.ActiveCfg = Debug|Any CPU
		{F17C58EC-C960-43E3-A438-D91C5405A611}.Debug|Mixed Platforms.Build.0 = Debug|Any CPU
		{F17C58EC-C960-43E3-A438-D91C5405A611}.Debug|x86.ActiveCfg = Debug|Any CPU
		{F17C58EC-C960-43E3-A438-D91C5405A611}.Release|Any CPU.ActiveCfg = Release|Any CPU
		{F17C58EC-C960-43E3-A438-D91C5405A611}.Release|Any CPU.Build.0 = Release|Any CPU
		{F17C58EC-C960-43E3-A438-D91C5405A611}.Release|Mixed Platforms.ActiveCfg = Release|Any CPU
		{F17C58EC-C960-43E3-A438-D91C5405A611}.Release|Mixed Platforms.Build.0 = Release|Any CPU
		{F17C58EC-C960-43E3-A438-D91C5405A611}.Release|x86.ActiveCfg = Release|Any CPU
		{F925EB15-E217-4601-B6DE-FFBBBFB11CD8}.AzureDev|Any CPU.ActiveCfg = Release|Any CPU
		{F925EB15-E217-4601-B6DE-FFBBBFB11CD8}.AzureDev|Any CPU.Build.0 = Release|Any CPU
		{F925EB15-E217-4601-B6DE-FFBBBFB11CD8}.AzureDev|Mixed Platforms.ActiveCfg = Release|Any CPU
		{F925EB15-E217-4601-B6DE-FFBBBFB11CD8}.AzureDev|Mixed Platforms.Build.0 = Release|Any CPU
		{F925EB15-E217-4601-B6DE-FFBBBFB11CD8}.AzureDev|x86.ActiveCfg = Release|Any CPU
		{F925EB15-E217-4601-B6DE-FFBBBFB11CD8}.AzureProd|Any CPU.ActiveCfg = Release|Any CPU
		{F925EB15-E217-4601-B6DE-FFBBBFB11CD8}.AzureProd|Any CPU.Build.0 = Release|Any CPU
		{F925EB15-E217-4601-B6DE-FFBBBFB11CD8}.AzureProd|Mixed Platforms.ActiveCfg = Release|Any CPU
		{F925EB15-E217-4601-B6DE-FFBBBFB11CD8}.AzureProd|Mixed Platforms.Build.0 = Release|Any CPU
		{F925EB15-E217-4601-B6DE-FFBBBFB11CD8}.AzureProd|x86.ActiveCfg = Release|Any CPU
		{F925EB15-E217-4601-B6DE-FFBBBFB11CD8}.Debug|Any CPU.ActiveCfg = Debug|Any CPU
		{F925EB15-E217-4601-B6DE-FFBBBFB11CD8}.Debug|Any CPU.Build.0 = Debug|Any CPU
		{F925EB15-E217-4601-B6DE-FFBBBFB11CD8}.Debug|Mixed Platforms.ActiveCfg = Debug|Any CPU
		{F925EB15-E217-4601-B6DE-FFBBBFB11CD8}.Debug|Mixed Platforms.Build.0 = Debug|Any CPU
		{F925EB15-E217-4601-B6DE-FFBBBFB11CD8}.Debug|x86.ActiveCfg = Debug|Any CPU
		{F925EB15-E217-4601-B6DE-FFBBBFB11CD8}.Release|Any CPU.ActiveCfg = Release|Any CPU
		{F925EB15-E217-4601-B6DE-FFBBBFB11CD8}.Release|Any CPU.Build.0 = Release|Any CPU
		{F925EB15-E217-4601-B6DE-FFBBBFB11CD8}.Release|Mixed Platforms.ActiveCfg = Release|Any CPU
		{F925EB15-E217-4601-B6DE-FFBBBFB11CD8}.Release|Mixed Platforms.Build.0 = Release|Any CPU
		{F925EB15-E217-4601-B6DE-FFBBBFB11CD8}.Release|x86.ActiveCfg = Release|Any CPU
		{8B934D10-1F54-4E3D-A8D2-A46BCCD7A6DC}.AzureDev|Any CPU.ActiveCfg = Release|Any CPU
		{8B934D10-1F54-4E3D-A8D2-A46BCCD7A6DC}.AzureDev|Any CPU.Build.0 = Release|Any CPU
		{8B934D10-1F54-4E3D-A8D2-A46BCCD7A6DC}.AzureDev|Mixed Platforms.ActiveCfg = Release|Any CPU
		{8B934D10-1F54-4E3D-A8D2-A46BCCD7A6DC}.AzureDev|Mixed Platforms.Build.0 = Release|Any CPU
		{8B934D10-1F54-4E3D-A8D2-A46BCCD7A6DC}.AzureDev|x86.ActiveCfg = Release|Any CPU
		{8B934D10-1F54-4E3D-A8D2-A46BCCD7A6DC}.AzureProd|Any CPU.ActiveCfg = Release|Any CPU
		{8B934D10-1F54-4E3D-A8D2-A46BCCD7A6DC}.AzureProd|Any CPU.Build.0 = Release|Any CPU
		{8B934D10-1F54-4E3D-A8D2-A46BCCD7A6DC}.AzureProd|Mixed Platforms.ActiveCfg = Release|Any CPU
		{8B934D10-1F54-4E3D-A8D2-A46BCCD7A6DC}.AzureProd|Mixed Platforms.Build.0 = Release|Any CPU
		{8B934D10-1F54-4E3D-A8D2-A46BCCD7A6DC}.AzureProd|x86.ActiveCfg = Release|Any CPU
		{8B934D10-1F54-4E3D-A8D2-A46BCCD7A6DC}.Debug|Any CPU.ActiveCfg = Debug|Any CPU
		{8B934D10-1F54-4E3D-A8D2-A46BCCD7A6DC}.Debug|Any CPU.Build.0 = Debug|Any CPU
		{8B934D10-1F54-4E3D-A8D2-A46BCCD7A6DC}.Debug|Mixed Platforms.ActiveCfg = Debug|Any CPU
		{8B934D10-1F54-4E3D-A8D2-A46BCCD7A6DC}.Debug|Mixed Platforms.Build.0 = Debug|Any CPU
		{8B934D10-1F54-4E3D-A8D2-A46BCCD7A6DC}.Debug|x86.ActiveCfg = Debug|Any CPU
		{8B934D10-1F54-4E3D-A8D2-A46BCCD7A6DC}.Release|Any CPU.ActiveCfg = Release|Any CPU
		{8B934D10-1F54-4E3D-A8D2-A46BCCD7A6DC}.Release|Any CPU.Build.0 = Release|Any CPU
		{8B934D10-1F54-4E3D-A8D2-A46BCCD7A6DC}.Release|Mixed Platforms.ActiveCfg = Release|Any CPU
		{8B934D10-1F54-4E3D-A8D2-A46BCCD7A6DC}.Release|Mixed Platforms.Build.0 = Release|Any CPU
		{8B934D10-1F54-4E3D-A8D2-A46BCCD7A6DC}.Release|x86.ActiveCfg = Release|Any CPU
		{FBB1AF55-7CDE-4D30-B329-2D0A30B0DC4D}.AzureDev|Any CPU.ActiveCfg = Release|Any CPU
		{FBB1AF55-7CDE-4D30-B329-2D0A30B0DC4D}.AzureDev|Any CPU.Build.0 = Release|Any CPU
		{FBB1AF55-7CDE-4D30-B329-2D0A30B0DC4D}.AzureDev|Mixed Platforms.ActiveCfg = Release|Any CPU
		{FBB1AF55-7CDE-4D30-B329-2D0A30B0DC4D}.AzureDev|Mixed Platforms.Build.0 = Release|Any CPU
		{FBB1AF55-7CDE-4D30-B329-2D0A30B0DC4D}.AzureDev|x86.ActiveCfg = Release|Any CPU
		{FBB1AF55-7CDE-4D30-B329-2D0A30B0DC4D}.AzureProd|Any CPU.ActiveCfg = Release|Any CPU
		{FBB1AF55-7CDE-4D30-B329-2D0A30B0DC4D}.AzureProd|Any CPU.Build.0 = Release|Any CPU
		{FBB1AF55-7CDE-4D30-B329-2D0A30B0DC4D}.AzureProd|Mixed Platforms.ActiveCfg = Release|Any CPU
		{FBB1AF55-7CDE-4D30-B329-2D0A30B0DC4D}.AzureProd|Mixed Platforms.Build.0 = Release|Any CPU
		{FBB1AF55-7CDE-4D30-B329-2D0A30B0DC4D}.AzureProd|x86.ActiveCfg = Release|Any CPU
		{FBB1AF55-7CDE-4D30-B329-2D0A30B0DC4D}.Debug|Any CPU.ActiveCfg = Debug|Any CPU
		{FBB1AF55-7CDE-4D30-B329-2D0A30B0DC4D}.Debug|Any CPU.Build.0 = Debug|Any CPU
		{FBB1AF55-7CDE-4D30-B329-2D0A30B0DC4D}.Debug|Mixed Platforms.ActiveCfg = Debug|Any CPU
		{FBB1AF55-7CDE-4D30-B329-2D0A30B0DC4D}.Debug|Mixed Platforms.Build.0 = Debug|Any CPU
		{FBB1AF55-7CDE-4D30-B329-2D0A30B0DC4D}.Debug|x86.ActiveCfg = Debug|Any CPU
		{FBB1AF55-7CDE-4D30-B329-2D0A30B0DC4D}.Release|Any CPU.ActiveCfg = Release|Any CPU
		{FBB1AF55-7CDE-4D30-B329-2D0A30B0DC4D}.Release|Any CPU.Build.0 = Release|Any CPU
		{FBB1AF55-7CDE-4D30-B329-2D0A30B0DC4D}.Release|Mixed Platforms.ActiveCfg = Release|Any CPU
		{FBB1AF55-7CDE-4D30-B329-2D0A30B0DC4D}.Release|Mixed Platforms.Build.0 = Release|Any CPU
		{FBB1AF55-7CDE-4D30-B329-2D0A30B0DC4D}.Release|x86.ActiveCfg = Release|Any CPU
	EndGlobalSection
	GlobalSection(SolutionProperties) = preSolution
		HideSolutionNode = FALSE
	EndGlobalSection
EndGlobal
