
Microsoft Visual Studio Solution File, Format Version 11.00
# Visual Studio 2010
Project("{8BC9CEB8-8B4A-11D0-8D11-00A0C91BC942}") = "Bermuda.CLIDSI", "Bermuda.CLIDSI\Bermuda.CLIDSI.vcxproj", "{F8EB9DF1-123A-4BC9-B79B-416A64FA0DC9}"
	ProjectSection(ProjectDependencies) = postProject
		{0EF25A32-6F4A-44F7-B461-D45132500617} = {0EF25A32-6F4A-44F7-B461-D45132500617}
		{01ABE4DB-4ABE-4B0E-878B-B42A8C9B6560} = {01ABE4DB-4ABE-4B0E-878B-B42A8C9B6560}
		{0E4761E9-1D7E-456B-8BFE-5DA44F6BB425} = {0E4761E9-1D7E-456B-8BFE-5DA44F6BB425}
	EndProjectSection
EndProject
Project("{FAE04EC0-301F-11D3-BF4B-00C04F79EFBC}") = "Bermuda.ODBC.Driver", "Bermuda.ODBC.Driver\Bermuda.ODBC.Driver.csproj", "{4370E30D-9AEE-45DE-A8D0-649873A111BB}"
EndProject
Project("{FAE04EC0-301F-11D3-BF4B-00C04F79EFBC}") = "Bermuda.Constants", "..\Bermuda.Constants\Bermuda.Constants.csproj", "{0E4761E9-1D7E-456B-8BFE-5DA44F6BB425}"
EndProject
Project("{FAE04EC0-301F-11D3-BF4B-00C04F79EFBC}") = "Bermuda.Interface", "..\Bermuda.Interface\Bermuda.Interface.csproj", "{0EF25A32-6F4A-44F7-B461-D45132500617}"
EndProject
Project("{FAE04EC0-301F-11D3-BF4B-00C04F79EFBC}") = "ExpressionSerialization", "..\ExpressionSerialization\ExpressionSerialization.csproj", "{01ABE4DB-4ABE-4B0E-878B-B42A8C9B6560}"
EndProject
Project("{FAE04EC0-301F-11D3-BF4B-00C04F79EFBC}") = "Bermuda.ExpressionGeneration", "..\Bermuda.ExpressionGenerator\Bermuda.ExpressionGeneration.csproj", "{F52AD907-B8FC-4E20-9925-6324766B3B5B}"
EndProject
Global
	GlobalSection(TeamFoundationVersionControl) = preSolution
		SccNumberOfProjects = 7
		SccEnterpriseProvider = {4CA58AB2-18FA-4F8D-95D4-32DDF27D184C}
		SccTeamFoundationServer = http://184.106.184.183:8080/tfs/defaultcollection
		SccLocalPath0 = .
		SccProjectUniqueName1 = Bermuda.CLIDSI\\Bermuda.CLIDSI.vcxproj
		SccProjectName1 = Bermuda.CLIDSI
		SccLocalPath1 = Bermuda.CLIDSI
		SccProjectUniqueName2 = Bermuda.ODBC.Driver\\Bermuda.ODBC.Driver.csproj
		SccProjectName2 = Bermuda.ODBC.Driver
		SccLocalPath2 = Bermuda.ODBC.Driver
		SccProjectUniqueName3 = ..\\Bermuda.Constants\\Bermuda.Constants.csproj
		SccProjectName3 = ../Bermuda.Constants
		SccLocalPath3 = ..\\Bermuda.Constants
		SccProjectUniqueName4 = ..\\Bermuda.Interface\\Bermuda.Interface.csproj
		SccProjectName4 = ../Bermuda.Interface
		SccLocalPath4 = ..\\Bermuda.Interface
		SccProjectUniqueName5 = ..\\ExpressionSerialization\\ExpressionSerialization.csproj
		SccProjectName5 = ../ExpressionSerialization
		SccLocalPath5 = ..\\ExpressionSerialization
		SccProjectUniqueName6 = ..\\Bermuda.ExpressionGenerator\\Bermuda.ExpressionGeneration.csproj
		SccProjectName6 = ../Bermuda.ExpressionGenerator
		SccLocalPath6 = ..\\Bermuda.ExpressionGenerator
	EndGlobalSection
	GlobalSection(SolutionConfigurationPlatforms) = preSolution
		Debug_MTDLL|Any CPU = Debug_MTDLL|Any CPU
		Debug_MTDLL|Mixed Platforms = Debug_MTDLL|Mixed Platforms
		Debug_MTDLL|Win32 = Debug_MTDLL|Win32
		Debug_MTDLL|x64 = Debug_MTDLL|x64
		Debug_MTDLL|x86 = Debug_MTDLL|x86
		Debug|Any CPU = Debug|Any CPU
		Debug|Mixed Platforms = Debug|Mixed Platforms
		Debug|Win32 = Debug|Win32
		Debug|x64 = Debug|x64
		Debug|x86 = Debug|x86
		Release_MTDLL|Any CPU = Release_MTDLL|Any CPU
		Release_MTDLL|Mixed Platforms = Release_MTDLL|Mixed Platforms
		Release_MTDLL|Win32 = Release_MTDLL|Win32
		Release_MTDLL|x64 = Release_MTDLL|x64
		Release_MTDLL|x86 = Release_MTDLL|x86
		Release|Any CPU = Release|Any CPU
		Release|Mixed Platforms = Release|Mixed Platforms
		Release|Win32 = Release|Win32
		Release|x64 = Release|x64
		Release|x86 = Release|x86
	EndGlobalSection
	GlobalSection(ProjectConfigurationPlatforms) = postSolution
		{F8EB9DF1-123A-4BC9-B79B-416A64FA0DC9}.Debug_MTDLL|Any CPU.ActiveCfg = Debug_MTDLL|x64
		{F8EB9DF1-123A-4BC9-B79B-416A64FA0DC9}.Debug_MTDLL|Mixed Platforms.ActiveCfg = Debug_MTDLL|x64
		{F8EB9DF1-123A-4BC9-B79B-416A64FA0DC9}.Debug_MTDLL|Mixed Platforms.Build.0 = Debug_MTDLL|x64
		{F8EB9DF1-123A-4BC9-B79B-416A64FA0DC9}.Debug_MTDLL|Win32.ActiveCfg = Debug_MTDLL|Win32
		{F8EB9DF1-123A-4BC9-B79B-416A64FA0DC9}.Debug_MTDLL|Win32.Build.0 = Debug_MTDLL|Win32
		{F8EB9DF1-123A-4BC9-B79B-416A64FA0DC9}.Debug_MTDLL|x64.ActiveCfg = Debug_MTDLL|x64
		{F8EB9DF1-123A-4BC9-B79B-416A64FA0DC9}.Debug_MTDLL|x64.Build.0 = Debug_MTDLL|x64
		{F8EB9DF1-123A-4BC9-B79B-416A64FA0DC9}.Debug_MTDLL|x86.ActiveCfg = Debug_MTDLL|x64
		{F8EB9DF1-123A-4BC9-B79B-416A64FA0DC9}.Debug|Any CPU.ActiveCfg = Debug_MTDLL|x64
		{F8EB9DF1-123A-4BC9-B79B-416A64FA0DC9}.Debug|Mixed Platforms.ActiveCfg = Debug_MTDLL|x64
		{F8EB9DF1-123A-4BC9-B79B-416A64FA0DC9}.Debug|Mixed Platforms.Build.0 = Debug_MTDLL|x64
		{F8EB9DF1-123A-4BC9-B79B-416A64FA0DC9}.Debug|Win32.ActiveCfg = Debug_MTDLL|x64
		{F8EB9DF1-123A-4BC9-B79B-416A64FA0DC9}.Debug|x64.ActiveCfg = Debug_MTDLL|x64
		{F8EB9DF1-123A-4BC9-B79B-416A64FA0DC9}.Debug|x64.Build.0 = Debug_MTDLL|x64
		{F8EB9DF1-123A-4BC9-B79B-416A64FA0DC9}.Debug|x86.ActiveCfg = Debug_MTDLL|Win32
		{F8EB9DF1-123A-4BC9-B79B-416A64FA0DC9}.Release_MTDLL|Any CPU.ActiveCfg = Release_MTDLL|x64
		{F8EB9DF1-123A-4BC9-B79B-416A64FA0DC9}.Release_MTDLL|Mixed Platforms.ActiveCfg = Release_MTDLL|x64
		{F8EB9DF1-123A-4BC9-B79B-416A64FA0DC9}.Release_MTDLL|Mixed Platforms.Build.0 = Release_MTDLL|x64
		{F8EB9DF1-123A-4BC9-B79B-416A64FA0DC9}.Release_MTDLL|Win32.ActiveCfg = Release_MTDLL|Win32
		{F8EB9DF1-123A-4BC9-B79B-416A64FA0DC9}.Release_MTDLL|Win32.Build.0 = Release_MTDLL|Win32
		{F8EB9DF1-123A-4BC9-B79B-416A64FA0DC9}.Release_MTDLL|x64.ActiveCfg = Release_MTDLL|x64
		{F8EB9DF1-123A-4BC9-B79B-416A64FA0DC9}.Release_MTDLL|x64.Build.0 = Release_MTDLL|x64
		{F8EB9DF1-123A-4BC9-B79B-416A64FA0DC9}.Release_MTDLL|x86.ActiveCfg = Release_MTDLL|x64
		{F8EB9DF1-123A-4BC9-B79B-416A64FA0DC9}.Release|Any CPU.ActiveCfg = Release_MTDLL|x64
		{F8EB9DF1-123A-4BC9-B79B-416A64FA0DC9}.Release|Mixed Platforms.ActiveCfg = Release_MTDLL|x64
		{F8EB9DF1-123A-4BC9-B79B-416A64FA0DC9}.Release|Mixed Platforms.Build.0 = Release_MTDLL|x64
		{F8EB9DF1-123A-4BC9-B79B-416A64FA0DC9}.Release|Win32.ActiveCfg = Release_MTDLL|x64
		{F8EB9DF1-123A-4BC9-B79B-416A64FA0DC9}.Release|x64.ActiveCfg = Release_MTDLL|x64
		{F8EB9DF1-123A-4BC9-B79B-416A64FA0DC9}.Release|x64.Build.0 = Release_MTDLL|x64
		{F8EB9DF1-123A-4BC9-B79B-416A64FA0DC9}.Release|x86.ActiveCfg = Release_MTDLL|Win32
		{4370E30D-9AEE-45DE-A8D0-649873A111BB}.Debug_MTDLL|Any CPU.ActiveCfg = Debug|Any CPU
		{4370E30D-9AEE-45DE-A8D0-649873A111BB}.Debug_MTDLL|Any CPU.Build.0 = Debug|Any CPU
		{4370E30D-9AEE-45DE-A8D0-649873A111BB}.Debug_MTDLL|Mixed Platforms.ActiveCfg = Debug|Any CPU
		{4370E30D-9AEE-45DE-A8D0-649873A111BB}.Debug_MTDLL|Mixed Platforms.Build.0 = Debug|Any CPU
		{4370E30D-9AEE-45DE-A8D0-649873A111BB}.Debug_MTDLL|Win32.ActiveCfg = Debug|Any CPU
		{4370E30D-9AEE-45DE-A8D0-649873A111BB}.Debug_MTDLL|Win32.Build.0 = Debug|Any CPU
		{4370E30D-9AEE-45DE-A8D0-649873A111BB}.Debug_MTDLL|x64.ActiveCfg = Debug|Any CPU
		{4370E30D-9AEE-45DE-A8D0-649873A111BB}.Debug_MTDLL|x64.Build.0 = Debug|Any CPU
		{4370E30D-9AEE-45DE-A8D0-649873A111BB}.Debug_MTDLL|x86.ActiveCfg = Debug|Any CPU
		{4370E30D-9AEE-45DE-A8D0-649873A111BB}.Debug|Any CPU.ActiveCfg = Debug|Any CPU
		{4370E30D-9AEE-45DE-A8D0-649873A111BB}.Debug|Any CPU.Build.0 = Debug|Any CPU
		{4370E30D-9AEE-45DE-A8D0-649873A111BB}.Debug|Mixed Platforms.ActiveCfg = Debug|Any CPU
		{4370E30D-9AEE-45DE-A8D0-649873A111BB}.Debug|Mixed Platforms.Build.0 = Debug|Any CPU
		{4370E30D-9AEE-45DE-A8D0-649873A111BB}.Debug|Win32.ActiveCfg = Debug|Any CPU
		{4370E30D-9AEE-45DE-A8D0-649873A111BB}.Debug|x64.ActiveCfg = Debug|Any CPU
		{4370E30D-9AEE-45DE-A8D0-649873A111BB}.Debug|x86.ActiveCfg = Debug|Any CPU
		{4370E30D-9AEE-45DE-A8D0-649873A111BB}.Release_MTDLL|Any CPU.ActiveCfg = Release|Any CPU
		{4370E30D-9AEE-45DE-A8D0-649873A111BB}.Release_MTDLL|Any CPU.Build.0 = Release|Any CPU
		{4370E30D-9AEE-45DE-A8D0-649873A111BB}.Release_MTDLL|Mixed Platforms.ActiveCfg = Release|Any CPU
		{4370E30D-9AEE-45DE-A8D0-649873A111BB}.Release_MTDLL|Mixed Platforms.Build.0 = Release|Any CPU
		{4370E30D-9AEE-45DE-A8D0-649873A111BB}.Release_MTDLL|Win32.ActiveCfg = Release|Any CPU
		{4370E30D-9AEE-45DE-A8D0-649873A111BB}.Release_MTDLL|x64.ActiveCfg = Release|Any CPU
		{4370E30D-9AEE-45DE-A8D0-649873A111BB}.Release_MTDLL|x86.ActiveCfg = Release|Any CPU
		{4370E30D-9AEE-45DE-A8D0-649873A111BB}.Release|Any CPU.ActiveCfg = Release|Any CPU
		{4370E30D-9AEE-45DE-A8D0-649873A111BB}.Release|Any CPU.Build.0 = Release|Any CPU
		{4370E30D-9AEE-45DE-A8D0-649873A111BB}.Release|Mixed Platforms.ActiveCfg = Release|Any CPU
		{4370E30D-9AEE-45DE-A8D0-649873A111BB}.Release|Mixed Platforms.Build.0 = Release|Any CPU
		{4370E30D-9AEE-45DE-A8D0-649873A111BB}.Release|Win32.ActiveCfg = Release|Any CPU
		{4370E30D-9AEE-45DE-A8D0-649873A111BB}.Release|x64.ActiveCfg = Release|Any CPU
		{4370E30D-9AEE-45DE-A8D0-649873A111BB}.Release|x86.ActiveCfg = Release|Any CPU
		{0E4761E9-1D7E-456B-8BFE-5DA44F6BB425}.Debug_MTDLL|Any CPU.ActiveCfg = Debug|Any CPU
		{0E4761E9-1D7E-456B-8BFE-5DA44F6BB425}.Debug_MTDLL|Any CPU.Build.0 = Debug|Any CPU
		{0E4761E9-1D7E-456B-8BFE-5DA44F6BB425}.Debug_MTDLL|Mixed Platforms.ActiveCfg = Debug|Any CPU
		{0E4761E9-1D7E-456B-8BFE-5DA44F6BB425}.Debug_MTDLL|Mixed Platforms.Build.0 = Debug|Any CPU
		{0E4761E9-1D7E-456B-8BFE-5DA44F6BB425}.Debug_MTDLL|Win32.ActiveCfg = Debug|Any CPU
		{0E4761E9-1D7E-456B-8BFE-5DA44F6BB425}.Debug_MTDLL|Win32.Build.0 = Debug|Any CPU
		{0E4761E9-1D7E-456B-8BFE-5DA44F6BB425}.Debug_MTDLL|x64.ActiveCfg = Debug|Any CPU
		{0E4761E9-1D7E-456B-8BFE-5DA44F6BB425}.Debug_MTDLL|x64.Build.0 = Debug|Any CPU
		{0E4761E9-1D7E-456B-8BFE-5DA44F6BB425}.Debug_MTDLL|x86.ActiveCfg = Debug|Any CPU
		{0E4761E9-1D7E-456B-8BFE-5DA44F6BB425}.Debug|Any CPU.ActiveCfg = Debug|Any CPU
		{0E4761E9-1D7E-456B-8BFE-5DA44F6BB425}.Debug|Any CPU.Build.0 = Debug|Any CPU
		{0E4761E9-1D7E-456B-8BFE-5DA44F6BB425}.Debug|Mixed Platforms.ActiveCfg = Debug|Any CPU
		{0E4761E9-1D7E-456B-8BFE-5DA44F6BB425}.Debug|Mixed Platforms.Build.0 = Debug|Any CPU
		{0E4761E9-1D7E-456B-8BFE-5DA44F6BB425}.Debug|Win32.ActiveCfg = Debug|Any CPU
		{0E4761E9-1D7E-456B-8BFE-5DA44F6BB425}.Debug|x64.ActiveCfg = Debug|Any CPU
		{0E4761E9-1D7E-456B-8BFE-5DA44F6BB425}.Debug|x86.ActiveCfg = Debug|Any CPU
		{0E4761E9-1D7E-456B-8BFE-5DA44F6BB425}.Release_MTDLL|Any CPU.ActiveCfg = Release|Any CPU
		{0E4761E9-1D7E-456B-8BFE-5DA44F6BB425}.Release_MTDLL|Any CPU.Build.0 = Release|Any CPU
		{0E4761E9-1D7E-456B-8BFE-5DA44F6BB425}.Release_MTDLL|Mixed Platforms.ActiveCfg = Release|Any CPU
		{0E4761E9-1D7E-456B-8BFE-5DA44F6BB425}.Release_MTDLL|Mixed Platforms.Build.0 = Release|Any CPU
		{0E4761E9-1D7E-456B-8BFE-5DA44F6BB425}.Release_MTDLL|Win32.ActiveCfg = Release|Any CPU
		{0E4761E9-1D7E-456B-8BFE-5DA44F6BB425}.Release_MTDLL|x64.ActiveCfg = Release|Any CPU
		{0E4761E9-1D7E-456B-8BFE-5DA44F6BB425}.Release_MTDLL|x86.ActiveCfg = Release|Any CPU
		{0E4761E9-1D7E-456B-8BFE-5DA44F6BB425}.Release|Any CPU.ActiveCfg = Release|Any CPU
		{0E4761E9-1D7E-456B-8BFE-5DA44F6BB425}.Release|Any CPU.Build.0 = Release|Any CPU
		{0E4761E9-1D7E-456B-8BFE-5DA44F6BB425}.Release|Mixed Platforms.ActiveCfg = Release|Any CPU
		{0E4761E9-1D7E-456B-8BFE-5DA44F6BB425}.Release|Mixed Platforms.Build.0 = Release|Any CPU
		{0E4761E9-1D7E-456B-8BFE-5DA44F6BB425}.Release|Win32.ActiveCfg = Release|Any CPU
		{0E4761E9-1D7E-456B-8BFE-5DA44F6BB425}.Release|x64.ActiveCfg = Release|Any CPU
		{0E4761E9-1D7E-456B-8BFE-5DA44F6BB425}.Release|x86.ActiveCfg = Release|Any CPU
		{0EF25A32-6F4A-44F7-B461-D45132500617}.Debug_MTDLL|Any CPU.ActiveCfg = Debug|Any CPU
		{0EF25A32-6F4A-44F7-B461-D45132500617}.Debug_MTDLL|Any CPU.Build.0 = Debug|Any CPU
		{0EF25A32-6F4A-44F7-B461-D45132500617}.Debug_MTDLL|Mixed Platforms.ActiveCfg = Debug|Any CPU
		{0EF25A32-6F4A-44F7-B461-D45132500617}.Debug_MTDLL|Mixed Platforms.Build.0 = Debug|Any CPU
		{0EF25A32-6F4A-44F7-B461-D45132500617}.Debug_MTDLL|Win32.ActiveCfg = Debug|Any CPU
		{0EF25A32-6F4A-44F7-B461-D45132500617}.Debug_MTDLL|Win32.Build.0 = Debug|Any CPU
		{0EF25A32-6F4A-44F7-B461-D45132500617}.Debug_MTDLL|x64.ActiveCfg = Debug|Any CPU
		{0EF25A32-6F4A-44F7-B461-D45132500617}.Debug_MTDLL|x64.Build.0 = Debug|Any CPU
		{0EF25A32-6F4A-44F7-B461-D45132500617}.Debug_MTDLL|x86.ActiveCfg = Debug|Any CPU
		{0EF25A32-6F4A-44F7-B461-D45132500617}.Debug|Any CPU.ActiveCfg = Debug|Any CPU
		{0EF25A32-6F4A-44F7-B461-D45132500617}.Debug|Any CPU.Build.0 = Debug|Any CPU
		{0EF25A32-6F4A-44F7-B461-D45132500617}.Debug|Mixed Platforms.ActiveCfg = Debug|Any CPU
		{0EF25A32-6F4A-44F7-B461-D45132500617}.Debug|Mixed Platforms.Build.0 = Debug|Any CPU
		{0EF25A32-6F4A-44F7-B461-D45132500617}.Debug|Win32.ActiveCfg = Debug|Any CPU
		{0EF25A32-6F4A-44F7-B461-D45132500617}.Debug|x64.ActiveCfg = Debug|Any CPU
		{0EF25A32-6F4A-44F7-B461-D45132500617}.Debug|x86.ActiveCfg = Debug|Any CPU
		{0EF25A32-6F4A-44F7-B461-D45132500617}.Release_MTDLL|Any CPU.ActiveCfg = Release|Any CPU
		{0EF25A32-6F4A-44F7-B461-D45132500617}.Release_MTDLL|Any CPU.Build.0 = Release|Any CPU
		{0EF25A32-6F4A-44F7-B461-D45132500617}.Release_MTDLL|Mixed Platforms.ActiveCfg = Release|Any CPU
		{0EF25A32-6F4A-44F7-B461-D45132500617}.Release_MTDLL|Mixed Platforms.Build.0 = Release|Any CPU
		{0EF25A32-6F4A-44F7-B461-D45132500617}.Release_MTDLL|Win32.ActiveCfg = Release|Any CPU
		{0EF25A32-6F4A-44F7-B461-D45132500617}.Release_MTDLL|x64.ActiveCfg = Release|Any CPU
		{0EF25A32-6F4A-44F7-B461-D45132500617}.Release_MTDLL|x86.ActiveCfg = Release|Any CPU
		{0EF25A32-6F4A-44F7-B461-D45132500617}.Release|Any CPU.ActiveCfg = Release|Any CPU
		{0EF25A32-6F4A-44F7-B461-D45132500617}.Release|Any CPU.Build.0 = Release|Any CPU
		{0EF25A32-6F4A-44F7-B461-D45132500617}.Release|Mixed Platforms.ActiveCfg = Release|Any CPU
		{0EF25A32-6F4A-44F7-B461-D45132500617}.Release|Mixed Platforms.Build.0 = Release|Any CPU
		{0EF25A32-6F4A-44F7-B461-D45132500617}.Release|Win32.ActiveCfg = Release|Any CPU
		{0EF25A32-6F4A-44F7-B461-D45132500617}.Release|x64.ActiveCfg = Release|Any CPU
		{0EF25A32-6F4A-44F7-B461-D45132500617}.Release|x86.ActiveCfg = Release|Any CPU
		{01ABE4DB-4ABE-4B0E-878B-B42A8C9B6560}.Debug_MTDLL|Any CPU.ActiveCfg = Debug|Any CPU
		{01ABE4DB-4ABE-4B0E-878B-B42A8C9B6560}.Debug_MTDLL|Any CPU.Build.0 = Debug|Any CPU
		{01ABE4DB-4ABE-4B0E-878B-B42A8C9B6560}.Debug_MTDLL|Mixed Platforms.ActiveCfg = Debug|Any CPU
		{01ABE4DB-4ABE-4B0E-878B-B42A8C9B6560}.Debug_MTDLL|Mixed Platforms.Build.0 = Debug|Any CPU
		{01ABE4DB-4ABE-4B0E-878B-B42A8C9B6560}.Debug_MTDLL|Win32.ActiveCfg = Debug|Any CPU
		{01ABE4DB-4ABE-4B0E-878B-B42A8C9B6560}.Debug_MTDLL|Win32.Build.0 = Debug|Any CPU
		{01ABE4DB-4ABE-4B0E-878B-B42A8C9B6560}.Debug_MTDLL|x64.ActiveCfg = Debug|Any CPU
		{01ABE4DB-4ABE-4B0E-878B-B42A8C9B6560}.Debug_MTDLL|x64.Build.0 = Debug|Any CPU
		{01ABE4DB-4ABE-4B0E-878B-B42A8C9B6560}.Debug_MTDLL|x86.ActiveCfg = Debug|Any CPU
		{01ABE4DB-4ABE-4B0E-878B-B42A8C9B6560}.Debug|Any CPU.ActiveCfg = Debug|Any CPU
		{01ABE4DB-4ABE-4B0E-878B-B42A8C9B6560}.Debug|Any CPU.Build.0 = Debug|Any CPU
		{01ABE4DB-4ABE-4B0E-878B-B42A8C9B6560}.Debug|Mixed Platforms.ActiveCfg = Debug|Any CPU
		{01ABE4DB-4ABE-4B0E-878B-B42A8C9B6560}.Debug|Mixed Platforms.Build.0 = Debug|Any CPU
		{01ABE4DB-4ABE-4B0E-878B-B42A8C9B6560}.Debug|Win32.ActiveCfg = Debug|Any CPU
		{01ABE4DB-4ABE-4B0E-878B-B42A8C9B6560}.Debug|x64.ActiveCfg = Debug|Any CPU
		{01ABE4DB-4ABE-4B0E-878B-B42A8C9B6560}.Debug|x86.ActiveCfg = Debug|Any CPU
		{01ABE4DB-4ABE-4B0E-878B-B42A8C9B6560}.Release_MTDLL|Any CPU.ActiveCfg = Release|Any CPU
		{01ABE4DB-4ABE-4B0E-878B-B42A8C9B6560}.Release_MTDLL|Any CPU.Build.0 = Release|Any CPU
		{01ABE4DB-4ABE-4B0E-878B-B42A8C9B6560}.Release_MTDLL|Mixed Platforms.ActiveCfg = Release|Any CPU
		{01ABE4DB-4ABE-4B0E-878B-B42A8C9B6560}.Release_MTDLL|Mixed Platforms.Build.0 = Release|Any CPU
		{01ABE4DB-4ABE-4B0E-878B-B42A8C9B6560}.Release_MTDLL|Win32.ActiveCfg = Release|Any CPU
		{01ABE4DB-4ABE-4B0E-878B-B42A8C9B6560}.Release_MTDLL|x64.ActiveCfg = Release|Any CPU
		{01ABE4DB-4ABE-4B0E-878B-B42A8C9B6560}.Release_MTDLL|x86.ActiveCfg = Release|Any CPU
		{01ABE4DB-4ABE-4B0E-878B-B42A8C9B6560}.Release|Any CPU.ActiveCfg = Release|Any CPU
		{01ABE4DB-4ABE-4B0E-878B-B42A8C9B6560}.Release|Any CPU.Build.0 = Release|Any CPU
		{01ABE4DB-4ABE-4B0E-878B-B42A8C9B6560}.Release|Mixed Platforms.ActiveCfg = Release|Any CPU
		{01ABE4DB-4ABE-4B0E-878B-B42A8C9B6560}.Release|Mixed Platforms.Build.0 = Release|Any CPU
		{01ABE4DB-4ABE-4B0E-878B-B42A8C9B6560}.Release|Win32.ActiveCfg = Release|Any CPU
		{01ABE4DB-4ABE-4B0E-878B-B42A8C9B6560}.Release|x64.ActiveCfg = Release|Any CPU
		{01ABE4DB-4ABE-4B0E-878B-B42A8C9B6560}.Release|x86.ActiveCfg = Release|Any CPU
		{F52AD907-B8FC-4E20-9925-6324766B3B5B}.Debug_MTDLL|Any CPU.ActiveCfg = Debug|Any CPU
		{F52AD907-B8FC-4E20-9925-6324766B3B5B}.Debug_MTDLL|Any CPU.Build.0 = Debug|Any CPU
		{F52AD907-B8FC-4E20-9925-6324766B3B5B}.Debug_MTDLL|Mixed Platforms.ActiveCfg = Debug|Any CPU
		{F52AD907-B8FC-4E20-9925-6324766B3B5B}.Debug_MTDLL|Mixed Platforms.Build.0 = Debug|Any CPU
		{F52AD907-B8FC-4E20-9925-6324766B3B5B}.Debug_MTDLL|Win32.ActiveCfg = Debug|Any CPU
		{F52AD907-B8FC-4E20-9925-6324766B3B5B}.Debug_MTDLL|Win32.Build.0 = Debug|Any CPU
		{F52AD907-B8FC-4E20-9925-6324766B3B5B}.Debug_MTDLL|x64.ActiveCfg = Debug|Any CPU
		{F52AD907-B8FC-4E20-9925-6324766B3B5B}.Debug_MTDLL|x86.ActiveCfg = Debug|Any CPU
		{F52AD907-B8FC-4E20-9925-6324766B3B5B}.Debug|Any CPU.ActiveCfg = Debug|Any CPU
		{F52AD907-B8FC-4E20-9925-6324766B3B5B}.Debug|Any CPU.Build.0 = Debug|Any CPU
		{F52AD907-B8FC-4E20-9925-6324766B3B5B}.Debug|Mixed Platforms.ActiveCfg = Debug|Any CPU
		{F52AD907-B8FC-4E20-9925-6324766B3B5B}.Debug|Mixed Platforms.Build.0 = Debug|Any CPU
		{F52AD907-B8FC-4E20-9925-6324766B3B5B}.Debug|Win32.ActiveCfg = Debug|Any CPU
		{F52AD907-B8FC-4E20-9925-6324766B3B5B}.Debug|x64.ActiveCfg = Debug|Any CPU
		{F52AD907-B8FC-4E20-9925-6324766B3B5B}.Debug|x86.ActiveCfg = Debug|Any CPU
		{F52AD907-B8FC-4E20-9925-6324766B3B5B}.Release_MTDLL|Any CPU.ActiveCfg = Release|Any CPU
		{F52AD907-B8FC-4E20-9925-6324766B3B5B}.Release_MTDLL|Any CPU.Build.0 = Release|Any CPU
		{F52AD907-B8FC-4E20-9925-6324766B3B5B}.Release_MTDLL|Mixed Platforms.ActiveCfg = Release|Any CPU
		{F52AD907-B8FC-4E20-9925-6324766B3B5B}.Release_MTDLL|Mixed Platforms.Build.0 = Release|Any CPU
		{F52AD907-B8FC-4E20-9925-6324766B3B5B}.Release_MTDLL|Win32.ActiveCfg = Release|Any CPU
		{F52AD907-B8FC-4E20-9925-6324766B3B5B}.Release_MTDLL|x64.ActiveCfg = Release|Any CPU
		{F52AD907-B8FC-4E20-9925-6324766B3B5B}.Release_MTDLL|x86.ActiveCfg = Release|Any CPU
		{F52AD907-B8FC-4E20-9925-6324766B3B5B}.Release|Any CPU.ActiveCfg = Release|Any CPU
		{F52AD907-B8FC-4E20-9925-6324766B3B5B}.Release|Any CPU.Build.0 = Release|Any CPU
		{F52AD907-B8FC-4E20-9925-6324766B3B5B}.Release|Mixed Platforms.ActiveCfg = Release|Any CPU
		{F52AD907-B8FC-4E20-9925-6324766B3B5B}.Release|Mixed Platforms.Build.0 = Release|Any CPU
		{F52AD907-B8FC-4E20-9925-6324766B3B5B}.Release|Win32.ActiveCfg = Release|Any CPU
		{F52AD907-B8FC-4E20-9925-6324766B3B5B}.Release|x64.ActiveCfg = Release|Any CPU
		{F52AD907-B8FC-4E20-9925-6324766B3B5B}.Release|x86.ActiveCfg = Release|Any CPU
	EndGlobalSection
	GlobalSection(SolutionProperties) = preSolution
		HideSolutionNode = FALSE
	EndGlobalSection
EndGlobal
